
Microsoft Visual Studio Solution File, Format Version 9.00
# Visual Studio 2005
Project("{8BC9CEB8-8B4A-11D0-8D11-00A0C91BC942}") = "HistoryEditor", "HistoryEditor.vcproj", "{6FAFD74F-29E6-4EF4-8A12-B88FB6E9C4FD}"
EndProject
Global
	GlobalSection(SolutionConfigurationPlatforms) = preSolution
		Debug|Win32 = Debug|Win32
		Release UNICODE|Win32 = Release UNICODE|Win32
		Release|Win32 = Release|Win32
	EndGlobalSection
	GlobalSection(ProjectConfigurationPlatforms) = postSolution
		{6FAFD74F-29E6-4EF4-8A12-B88FB6E9C4FD}.Debug|Win32.ActiveCfg = Debug|Win32
		{6FAFD74F-29E6-4EF4-8A12-B88FB6E9C4FD}.Debug|Win32.Build.0 = Debug|Win32
		{6FAFD74F-29E6-4EF4-8A12-B88FB6E9C4FD}.Release UNICODE|Win32.ActiveCfg = Release UNICODE|Win32
		{6FAFD74F-29E6-4EF4-8A12-B88FB6E9C4FD}.Release UNICODE|Win32.Build.0 = Release UNICODE|Win32
		{6FAFD74F-29E6-4EF4-8A12-B88FB6E9C4FD}.Release|Win32.ActiveCfg = Release|Win32
		{6FAFD74F-29E6-4EF4-8A12-B88FB6E9C4FD}.Release|Win32.Build.0 = Release|Win32
	EndGlobalSection
	GlobalSection(SolutionProperties) = preSolution
		HideSolutionNode = FALSE
	EndGlobalSection
EndGlobal
